// !$*UTF8*$!
{
	archiveVersion = 1;
	classes = {
	};
	objectVersion = 56;
	objects = {

/* Begin PBXBuildFile section */
		E5A7135C2BD53A7C00275857 /* MyFirstAppApp.swift in Sources */ = {isa = PBXBuildFile; fileRef = E5A7135B2BD53A7C00275857 /* MyFirstAppApp.swift */; };
		E5A7135E2BD53A7C00275857 /* ContentView.swift in Sources */ = {isa = PBXBuildFile; fileRef = E5A7135D2BD53A7C00275857 /* ContentView.swift */; };
		E5A713602BD53A7D00275857 /* Assets.xcassets in Resources */ = {isa = PBXBuildFile; fileRef = E5A7135F2BD53A7D00275857 /* Assets.xcassets */; };
		E5A713632BD53A7D00275857 /* Preview Assets.xcassets in Resources */ = {isa = PBXBuildFile; fileRef = E5A713622BD53A7D00275857 /* Preview Assets.xcassets */; };
		E5A7136D2BD53A7D00275857 /* MyFirstAppTests.swift in Sources */ = {isa = PBXBuildFile; fileRef = E5A7136C2BD53A7D00275857 /* MyFirstAppTests.swift */; };
		E5A713772BD53A7E00275857 /* MyFirstAppUITests.swift in Sources */ = {isa = PBXBuildFile; fileRef = E5A713762BD53A7E00275857 /* MyFirstAppUITests.swift */; };
		E5A713792BD53A7E00275857 /* MyFirstAppUITestsLaunchTests.swift in Sources */ = {isa = PBXBuildFile; fileRef = E5A713782BD53A7E00275857 /* MyFirstAppUITestsLaunchTests.swift */; };
/* End PBXBuildFile section */

/* Begin PBXContainerItemProxy section */
		E5A713692BD53A7D00275857 /* PBXContainerItemProxy */ = {
			isa = PBXContainerItemProxy;
			containerPortal = E5A713502BD53A7C00275857 /* Project object */;
			proxyType = 1;
			remoteGlobalIDString = E5A713572BD53A7C00275857;
			remoteInfo = MyFirstApp;
		};
		E5A713732BD53A7E00275857 /* PBXContainerItemProxy */ = {
			isa = PBXContainerItemProxy;
			containerPortal = E5A713502BD53A7C00275857 /* Project object */;
			proxyType = 1;
			remoteGlobalIDString = E5A713572BD53A7C00275857;
			remoteInfo = MyFirstApp;
		};
/* End PBXContainerItemProxy section */

/* Begin PBXFileReference section */
		E5A713582BD53A7C00275857 /* MyFirstApp.app */ = {isa = PBXFileReference; explicitFileType = wrapper.application; includeInIndex = 0; path = MyFirstApp.app; sourceTree = BUILT_PRODUCTS_DIR; };
		E5A7135B2BD53A7C00275857 /* MyFirstAppApp.swift */ = {isa = PBXFileReference; lastKnownFileType = sourcecode.swift; path = MyFirstAppApp.swift; sourceTree = "<group>"; };
		E5A7135D2BD53A7C00275857 /* ContentView.swift */ = {isa = PBXFileReference; lastKnownFileType = sourcecode.swift; path = ContentView.swift; sourceTree = "<group>"; };
		E5A7135F2BD53A7D00275857 /* Assets.xcassets */ = {isa = PBXFileReference; lastKnownFileType = folder.assetcatalog; path = Assets.xcassets; sourceTree = "<group>"; };
		E5A713622BD53A7D00275857 /* Preview Assets.xcassets */ = {isa = PBXFileReference; lastKnownFileType = folder.assetcatalog; path = "Preview Assets.xcassets"; sourceTree = "<group>"; };
		E5A713682BD53A7D00275857 /* MyFirstAppTests.xctest */ = {isa = PBXFileReference; explicitFileType = wrapper.cfbundle; includeInIndex = 0; path = MyFirstAppTests.xctest; sourceTree = BUILT_PRODUCTS_DIR; };
		E5A7136C2BD53A7D00275857 /* MyFirstAppTests.swift */ = {isa = PBXFileReference; lastKnownFileType = sourcecode.swift; path = MyFirstAppTests.swift; sourceTree = "<group>"; };
		E5A713722BD53A7E00275857 /* MyFirstAppUITests.xctest */ = {isa = PBXFileReference; explicitFileType = wrapper.cfbundle; includeInIndex = 0; path = MyFirstAppUITests.xctest; sourceTree = BUILT_PRODUCTS_DIR; };
		E5A713762BD53A7E00275857 /* MyFirstAppUITests.swift */ = {isa = PBXFileReference; lastKnownFileType = sourcecode.swift; path = MyFirstAppUITests.swift; sourceTree = "<group>"; };
		E5A713782BD53A7E00275857 /* MyFirstAppUITestsLaunchTests.swift */ = {isa = PBXFileReference; lastKnownFileType = sourcecode.swift; path = MyFirstAppUITestsLaunchTests.swift; sourceTree = "<group>"; };
/* End PBXFileReference section */

/* Begin PBXFrameworksBuildPhase section */
		E5A713552BD53A7C00275857 /* Frameworks */ = {
			isa = PBXFrameworksBuildPhase;
			buildActionMask = 2147483647;
			files = (
			);
			runOnlyForDeploymentPostprocessing = 0;
		};
		E5A713652BD53A7D00275857 /* Frameworks */ = {
			isa = PBXFrameworksBuildPhase;
			buildActionMask = 2147483647;
			files = (
			);
			runOnlyForDeploymentPostprocessing = 0;
		};
		E5A7136F2BD53A7E00275857 /* Frameworks */ = {
			isa = PBXFrameworksBuildPhase;
			buildActionMask = 2147483647;
			files = (
			);
			runOnlyForDeploymentPostprocessing = 0;
		};
/* End PBXFrameworksBuildPhase section */

/* Begin PBXGroup section */
		E5A7134F2BD53A7C00275857 = {
			isa = PBXGroup;
			children = (
				E5A7135A2BD53A7C00275857 /* MyFirstApp */,
				E5A7136B2BD53A7D00275857 /* MyFirstAppTests */,
				E5A713752BD53A7E00275857 /* MyFirstAppUITests */,
				E5A713592BD53A7C00275857 /* Products */,
			);
			sourceTree = "<group>";
		};
		E5A713592BD53A7C00275857 /* Products */ = {
			isa = PBXGroup;
			children = (
				E5A713582BD53A7C00275857 /* MyFirstApp.app */,
				E5A713682BD53A7D00275857 /* MyFirstAppTests.xctest */,
				E5A713722BD53A7E00275857 /* MyFirstAppUITests.xctest */,
			);
			name = Products;
			sourceTree = "<group>";
		};
		E5A7135A2BD53A7C00275857 /* MyFirstApp */ = {
			isa = PBXGroup;
			children = (
				E5A7135B2BD53A7C00275857 /* MyFirstAppApp.swift */,
				E5A7135D2BD53A7C00275857 /* ContentView.swift */,
				E5A7135F2BD53A7D00275857 /* Assets.xcassets */,
				E5A713612BD53A7D00275857 /* Preview Content */,
			);
			path = MyFirstApp;
			sourceTree = "<group>";
		};
		E5A713612BD53A7D00275857 /* Preview Content */ = {
			isa = PBXGroup;
			children = (
				E5A713622BD53A7D00275857 /* Preview Assets.xcassets */,
			);
			path = "Preview Content";
			sourceTree = "<group>";
		};
		E5A7136B2BD53A7D00275857 /* MyFirstAppTests */ = {
			isa = PBXGroup;
			children = (
				E5A7136C2BD53A7D00275857 /* MyFirstAppTests.swift */,
			);
			path = MyFirstAppTests;
			sourceTree = "<group>";
		};
		E5A713752BD53A7E00275857 /* MyFirstAppUITests */ = {
			isa = PBXGroup;
			children = (
				E5A713762BD53A7E00275857 /* MyFirstAppUITests.swift */,
				E5A713782BD53A7E00275857 /* MyFirstAppUITestsLaunchTests.swift */,
			);
			path = MyFirstAppUITests;
			sourceTree = "<group>";
		};
/* End PBXGroup section */

/* Begin PBXNativeTarget section */
		E5A713572BD53A7C00275857 /* MyFirstApp */ = {
			isa = PBXNativeTarget;
			buildConfigurationList = E5A7137C2BD53A7E00275857 /* Build configuration list for PBXNativeTarget "MyFirstApp" */;
			buildPhases = (
				E5A713542BD53A7C00275857 /* Sources */,
				E5A713552BD53A7C00275857 /* Frameworks */,
				E5A713562BD53A7C00275857 /* Resources */,
			);
			buildRules = (
			);
			dependencies = (
			);
			name = MyFirstApp;
			productName = MyFirstApp;
			productReference = E5A713582BD53A7C00275857 /* MyFirstApp.app */;
			productType = "com.apple.product-type.application";
		};
		E5A713672BD53A7D00275857 /* MyFirstAppTests */ = {
			isa = PBXNativeTarget;
			buildConfigurationList = E5A7137F2BD53A7E00275857 /* Build configuration list for PBXNativeTarget "MyFirstAppTests" */;
			buildPhases = (
				E5A713642BD53A7D00275857 /* Sources */,
				E5A713652BD53A7D00275857 /* Frameworks */,
				E5A713662BD53A7D00275857 /* Resources */,
			);
			buildRules = (
			);
			dependencies = (
				E5A7136A2BD53A7D00275857 /* PBXTargetDependency */,
			);
			name = MyFirstAppTests;
			productName = MyFirstAppTests;
			productReference = E5A713682BD53A7D00275857 /* MyFirstAppTests.xctest */;
			productType = "com.apple.product-type.bundle.unit-test";
		};
		E5A713712BD53A7E00275857 /* MyFirstAppUITests */ = {
			isa = PBXNativeTarget;
			buildConfigurationList = E5A713822BD53A7E00275857 /* Build configuration list for PBXNativeTarget "MyFirstAppUITests" */;
			buildPhases = (
				E5A7136E2BD53A7E00275857 /* Sources */,
				E5A7136F2BD53A7E00275857 /* Frameworks */,
				E5A713702BD53A7E00275857 /* Resources */,
			);
			buildRules = (
			);
			dependencies = (
				E5A713742BD53A7E00275857 /* PBXTargetDependency */,
			);
			name = MyFirstAppUITests;
			productName = MyFirstAppUITests;
			productReference = E5A713722BD53A7E00275857 /* MyFirstAppUITests.xctest */;
			productType = "com.apple.product-type.bundle.ui-testing";
		};
/* End PBXNativeTarget section */

/* Begin PBXProject section */
		E5A713502BD53A7C00275857 /* Project object */ = {
			isa = PBXProject;
			attributes = {
				BuildIndependentTargetsInParallel = 1;
				LastSwiftUpdateCheck = 1530;
				LastUpgradeCheck = 1530;
				TargetAttributes = {
					E5A713572BD53A7C00275857 = {
						CreatedOnToolsVersion = 15.3;
					};
					E5A713672BD53A7D00275857 = {
						CreatedOnToolsVersion = 15.3;
						TestTargetID = E5A713572BD53A7C00275857;
					};
					E5A713712BD53A7E00275857 = {
						CreatedOnToolsVersion = 15.3;
						TestTargetID = E5A713572BD53A7C00275857;
					};
				};
			};
			buildConfigurationList = E5A713532BD53A7C00275857 /* Build configuration list for PBXProject "MyFirstApp" */;
			compatibilityVersion = "Xcode 14.0";
			developmentRegion = en;
			hasScannedForEncodings = 0;
			knownRegions = (
				en,
				Base,
			);
			mainGroup = E5A7134F2BD53A7C00275857;
			productRefGroup = E5A713592BD53A7C00275857 /* Products */;
			projectDirPath = "";
			projectRoot = "";
			targets = (
				E5A713572BD53A7C00275857 /* MyFirstApp */,
				E5A713672BD53A7D00275857 /* MyFirstAppTests */,
				E5A713712BD53A7E00275857 /* MyFirstAppUITests */,
			);
		};
/* End PBXProject section */

/* Begin PBXResourcesBuildPhase section */
		E5A713562BD53A7C00275857 /* Resources */ = {
			isa = PBXResourcesBuildPhase;
			buildActionMask = 2147483647;
			files = (
				E5A713632BD53A7D00275857 /* Preview Assets.xcassets in Resources */,
				E5A713602BD53A7D00275857 /* Assets.xcassets in Resources */,
			);
			runOnlyForDeploymentPostprocessing = 0;
		};
		E5A713662BD53A7D00275857 /* Resources */ = {
			isa = PBXResourcesBuildPhase;
			buildActionMask = 2147483647;
			files = (
			);
			runOnlyForDeploymentPostprocessing = 0;
		};
		E5A713702BD53A7E00275857 /* Resources */ = {
			isa = PBXResourcesBuildPhase;
			buildActionMask = 2147483647;
			files = (
			);
			runOnlyForDeploymentPostprocessing = 0;
		};
/* End PBXResourcesBuildPhase section */

/* Begin PBXSourcesBuildPhase section */
		E5A713542BD53A7C00275857 /* Sources */ = {
			isa = PBXSourcesBuildPhase;
			buildActionMask = 2147483647;
			files = (
				E5A7135E2BD53A7C00275857 /* ContentView.swift in Sources */,
				E5A7135C2BD53A7C00275857 /* MyFirstAppApp.swift in Sources */,
			);
			runOnlyForDeploymentPostprocessing = 0;
		};
		E5A713642BD53A7D00275857 /* Sources */ = {
			isa = PBXSourcesBuildPhase;
			buildActionMask = 2147483647;
			files = (
				E5A7136D2BD53A7D00275857 /* MyFirstAppTests.swift in Sources */,
			);
			runOnlyForDeploymentPostprocessing = 0;
		};
		E5A7136E2BD53A7E00275857 /* Sources */ = {
			isa = PBXSourcesBuildPhase;
			buildActionMask = 2147483647;
			files = (
				E5A713772BD53A7E00275857 /* MyFirstAppUITests.swift in Sources */,
				E5A713792BD53A7E00275857 /* MyFirstAppUITestsLaunchTests.swift in Sources */,
			);
			runOnlyForDeploymentPostprocessing = 0;
		};
/* End PBXSourcesBuildPhase section */

/* Begin PBXTargetDependency section */
		E5A7136A2BD53A7D00275857 /* PBXTargetDependency */ = {
			isa = PBXTargetDependency;
			target = E5A713572BD53A7C00275857 /* MyFirstApp */;
			targetProxy = E5A713692BD53A7D00275857 /* PBXContainerItemProxy */;
		};
		E5A713742BD53A7E00275857 /* PBXTargetDependency */ = {
			isa = PBXTargetDependency;
			target = E5A713572BD53A7C00275857 /* MyFirstApp */;
			targetProxy = E5A713732BD53A7E00275857 /* PBXContainerItemProxy */;
		};
/* End PBXTargetDependency section */

/* Begin XCBuildConfiguration section */
		E5A7137A2BD53A7E00275857 /* Debug */ = {
			isa = XCBuildConfiguration;
			buildSettings = {
				ALWAYS_SEARCH_USER_PATHS = NO;
				ASSETCATALOG_COMPILER_GENERATE_SWIFT_ASSET_SYMBOL_EXTENSIONS = YES;
				CLANG_ANALYZER_NONNULL = YES;
				CLANG_ANALYZER_NUMBER_OBJECT_CONVERSION = YES_AGGRESSIVE;
				CLANG_CXX_LANGUAGE_STANDARD = "gnu++20";
				CLANG_ENABLE_MODULES = YES;
				CLANG_ENABLE_OBJC_ARC = YES;
				CLANG_ENABLE_OBJC_WEAK = YES;
				CLANG_WARN_BLOCK_CAPTURE_AUTORELEASING = YES;
				CLANG_WARN_BOOL_CONVERSION = YES;
				CLANG_WARN_COMMA = YES;
				CLANG_WARN_CONSTANT_CONVERSION = YES;
				CLANG_WARN_DEPRECATED_OBJC_IMPLEMENTATIONS = YES;
				CLANG_WARN_DIRECT_OBJC_ISA_USAGE = YES_ERROR;
				CLANG_WARN_DOCUMENTATION_COMMENTS = YES;
				CLANG_WARN_EMPTY_BODY = YES;
				CLANG_WARN_ENUM_CONVERSION = YES;
				CLANG_WARN_INFINITE_RECURSION = YES;
				CLANG_WARN_INT_CONVERSION = YES;
				CLANG_WARN_NON_LITERAL_NULL_CONVERSION = YES;
				CLANG_WARN_OBJC_IMPLICIT_RETAIN_SELF = YES;
				CLANG_WARN_OBJC_LITERAL_CONVERSION = YES;
				CLANG_WARN_OBJC_ROOT_CLASS = YES_ERROR;
				CLANG_WARN_QUOTED_INCLUDE_IN_FRAMEWORK_HEADER = YES;
				CLANG_WARN_RANGE_LOOP_ANALYSIS = YES;
				CLANG_WARN_STRICT_PROTOTYPES = YES;
				CLANG_WARN_SUSPICIOUS_MOVE = YES;
				CLANG_WARN_UNGUARDED_AVAILABILITY = YES_AGGRESSIVE;
				CLANG_WARN_UNREACHABLE_CODE = YES;
				CLANG_WARN__DUPLICATE_METHOD_MATCH = YES;
				COPY_PHASE_STRIP = NO;
				DEBUG_INFORMATION_FORMAT = dwarf;
				ENABLE_STRICT_OBJC_MSGSEND = YES;
				ENABLE_TESTABILITY = YES;
				ENABLE_USER_SCRIPT_SANDBOXING = YES;
				GCC_C_LANGUAGE_STANDARD = gnu17;
				GCC_DYNAMIC_NO_PIC = NO;
				GCC_NO_COMMON_BLOCKS = YES;
				GCC_OPTIMIZATION_LEVEL = 0;
				GCC_PREPROCESSOR_DEFINITIONS = (
					"DEBUG=1",
					"$(inherited)",
				);
				GCC_WARN_64_TO_32_BIT_CONVERSION = YES;
				GCC_WARN_ABOUT_RETURN_TYPE = YES_ERROR;
				GCC_WARN_UNDECLARED_SELECTOR = YES;
				GCC_WARN_UNINITIALIZED_AUTOS = YES_AGGRESSIVE;
				GCC_WARN_UNUSED_FUNCTION = YES;
				GCC_WARN_UNUSED_VARIABLE = YES;
				IPHONEOS_DEPLOYMENT_TARGET = 17.4;
				LOCALIZATION_PREFERS_STRING_CATALOGS = YES;
				MTL_ENABLE_DEBUG_INFO = INCLUDE_SOURCE;
				MTL_FAST_MATH = YES;
				ONLY_ACTIVE_ARCH = YES;
				SDKROOT = iphoneos;
				SWIFT_ACTIVE_COMPILATION_CONDITIONS = "DEBUG $(inherited)";
				SWIFT_OPTIMIZATION_LEVEL = "-Onone";
			};
			name = Debug;
		};
		E5A7137B2BD53A7E00275857 /* Release */ = {
			isa = XCBuildConfiguration;
			buildSettings = {
				ALWAYS_SEARCH_USER_PATHS = NO;
				ASSETCATALOG_COMPILER_GENERATE_SWIFT_ASSET_SYMBOL_EXTENSIONS = YES;
				CLANG_ANALYZER_NONNULL = YES;
				CLANG_ANALYZER_NUMBER_OBJECT_CONVERSION = YES_AGGRESSIVE;
				CLANG_CXX_LANGUAGE_STANDARD = "gnu++20";
				CLANG_ENABLE_MODULES = YES;
				CLANG_ENABLE_OBJC_ARC = YES;
				CLANG_ENABLE_OBJC_WEAK = YES;
				CLANG_WARN_BLOCK_CAPTURE_AUTORELEASING = YES;
				CLANG_WARN_BOOL_CONVERSION = YES;
				CLANG_WARN_COMMA = YES;
				CLANG_WARN_CONSTANT_CONVERSION = YES;
				CLANG_WARN_DEPRECATED_OBJC_IMPLEMENTATIONS = YES;
				CLANG_WARN_DIRECT_OBJC_ISA_USAGE = YES_ERROR;
				CLANG_WARN_DOCUMENTATION_COMMENTS = YES;
				CLANG_WARN_EMPTY_BODY = YES;
				CLANG_WARN_ENUM_CONVERSION = YES;
				CLANG_WARN_INFINITE_RECURSION = YES;
				CLANG_WARN_INT_CONVERSION = YES;
				CLANG_WARN_NON_LITERAL_NULL_CONVERSION = YES;
				CLANG_WARN_OBJC_IMPLICIT_RETAIN_SELF = YES;
				CLANG_WARN_OBJC_LITERAL_CONVERSION = YES;
				CLANG_WARN_OBJC_ROOT_CLASS = YES_ERROR;
				CLANG_WARN_QUOTED_INCLUDE_IN_FRAMEWORK_HEADER = YES;
				CLANG_WARN_RANGE_LOOP_ANALYSIS = YES;
				CLANG_WARN_STRICT_PROTOTYPES = YES;
				CLANG_WARN_SUSPICIOUS_MOVE = YES;
				CLANG_WARN_UNGUARDED_AVAILABILITY = YES_AGGRESSIVE;
				CLANG_WARN_UNREACHABLE_CODE = YES;
				CLANG_WARN__DUPLICATE_METHOD_MATCH = YES;
				COPY_PHASE_STRIP = NO;
				DEBUG_INFORMATION_FORMAT = "dwarf-with-dsym";
				ENABLE_NS_ASSERTIONS = NO;
				ENABLE_STRICT_OBJC_MSGSEND = YES;
				ENABLE_USER_SCRIPT_SANDBOXING = YES;
				GCC_C_LANGUAGE_STANDARD = gnu17;
				GCC_NO_COMMON_BLOCKS = YES;
				GCC_WARN_64_TO_32_BIT_CONVERSION = YES;
				GCC_WARN_ABOUT_RETURN_TYPE = YES_ERROR;
				GCC_WARN_UNDECLARED_SELECTOR = YES;
				GCC_WARN_UNINITIALIZED_AUTOS = YES_AGGRESSIVE;
				GCC_WARN_UNUSED_FUNCTION = YES;
				GCC_WARN_UNUSED_VARIABLE = YES;
				IPHONEOS_DEPLOYMENT_TARGET = 17.4;
				LOCALIZATION_PREFERS_STRING_CATALOGS = YES;
				MTL_ENABLE_DEBUG_INFO = NO;
				MTL_FAST_MATH = YES;
				SDKROOT = iphoneos;
				SWIFT_COMPILATION_MODE = wholemodule;
				VALIDATE_PRODUCT = YES;
			};
			name = Release;
		};
		E5A7137D2BD53A7E00275857 /* Debug */ = {
			isa = XCBuildConfiguration;
			buildSettings = {
				ASSETCATALOG_COMPILER_APPICON_NAME = AppIcon;
				ASSETCATALOG_COMPILER_GLOBAL_ACCENT_COLOR_NAME = AccentColor;
				CODE_SIGN_STYLE = Automatic;
				CURRENT_PROJECT_VERSION = 1;
				DEVELOPMENT_ASSET_PATHS = "\"MyFirstApp/Preview Content\"";
				DEVELOPMENT_TEAM = 4LJC3387F5;
				ENABLE_PREVIEWS = YES;
				GENERATE_INFOPLIST_FILE = YES;
				INFOPLIST_KEY_UIApplicationSceneManifest_Generation = YES;
				INFOPLIST_KEY_UIApplicationSupportsIndirectInputEvents = YES;
				INFOPLIST_KEY_UILaunchScreen_Generation = YES;
				INFOPLIST_KEY_UISupportedInterfaceOrientations_iPad = "UIInterfaceOrientationPortrait UIInterfaceOrientationPortraitUpsideDown UIInterfaceOrientationLandscapeLeft UIInterfaceOrientationLandscapeRight";
				INFOPLIST_KEY_UISupportedInterfaceOrientations_iPhone = "UIInterfaceOrientationPortrait UIInterfaceOrientationLandscapeLeft UIInterfaceOrientationLandscapeRight";
				LD_RUNPATH_SEARCH_PATHS = (
					"$(inherited)",
					"@executable_path/Frameworks",
				);
				MARKETING_VERSION = 1.0;
				PRODUCT_BUNDLE_IDENTIFIER = qwdef.MyFirstApp;
				PRODUCT_NAME = "$(TARGET_NAME)";
				SWIFT_EMIT_LOC_STRINGS = YES;
				SWIFT_VERSION = 5.0;
				TARGETED_DEVICE_FAMILY = "1,2";
			};
			name = Debug;
		};
		E5A7137E2BD53A7E00275857 /* Release */ = {
			isa = XCBuildConfiguration;
			buildSettings = {
				ASSETCATALOG_COMPILER_APPICON_NAME = AppIcon;
				ASSETCATALOG_COMPILER_GLOBAL_ACCENT_COLOR_NAME = AccentColor;
				CODE_SIGN_STYLE = Automatic;
				CURRENT_PROJECT_VERSION = 1;
				DEVELOPMENT_ASSET_PATHS = "\"MyFirstApp/Preview Content\"";
				DEVELOPMENT_TEAM = 4LJC3387F5;
				ENABLE_PREVIEWS = YES;
				GENERATE_INFOPLIST_FILE = YES;
				INFOPLIST_KEY_UIApplicationSceneManifest_Generation = YES;
				INFOPLIST_KEY_UIApplicationSupportsIndirectInputEvents = YES;
				INFOPLIST_KEY_UILaunchScreen_Generation = YES;
				INFOPLIST_KEY_UISupportedInterfaceOrientations_iPad = "UIInterfaceOrientationPortrait UIInterfaceOrientationPortraitUpsideDown UIInterfaceOrientationLandscapeLeft UIInterfaceOrientationLandscapeRight";
				INFOPLIST_KEY_UISupportedInterfaceOrientations_iPhone = "UIInterfaceOrientationPortrait UIInterfaceOrientationLandscapeLeft UIInterfaceOrientationLandscapeRight";
				LD_RUNPATH_SEARCH_PATHS = (
					"$(inherited)",
					"@executable_path/Frameworks",
				);
				MARKETING_VERSION = 1.0;
				PRODUCT_BUNDLE_IDENTIFIER = qwdef.MyFirstApp;
				PRODUCT_NAME = "$(TARGET_NAME)";
				SWIFT_EMIT_LOC_STRINGS = YES;
				SWIFT_VERSION = 5.0;
				TARGETED_DEVICE_FAMILY = "1,2";
			};
			name = Release;
		};
		E5A713802BD53A7E00275857 /* Debug */ = {
			isa = XCBuildConfiguration;
			buildSettings = {
				ALWAYS_EMBED_SWIFT_STANDARD_LIBRARIES = YES;
				BUNDLE_LOADER = "$(TEST_HOST)";
				CODE_SIGN_STYLE = Automatic;
				CURRENT_PROJECT_VERSION = 1;
				DEVELOPMENT_TEAM = 4LJC3387F5;
				GENERATE_INFOPLIST_FILE = YES;
				IPHONEOS_DEPLOYMENT_TARGET = 17.4;
				MARKETING_VERSION = 1.0;
				PRODUCT_BUNDLE_IDENTIFIER = qwdef.MyFirstAppTests;
				PRODUCT_NAME = "$(TARGET_NAME)";
				SWIFT_EMIT_LOC_STRINGS = NO;
				SWIFT_VERSION = 5.0;
				TARGETED_DEVICE_FAMILY = "1,2";
				TEST_HOST = "$(BUILT_PRODUCTS_DIR)/MyFirstApp.app/$(BUNDLE_EXECUTABLE_FOLDER_PATH)/MyFirstApp";
			};
			name = Debug;
		};
		E5A713812BD53A7E00275857 /* Release */ = {
			isa = XCBuildConfiguration;
			buildSettings = {
				ALWAYS_EMBED_SWIFT_STANDARD_LIBRARIES = YES;
				BUNDLE_LOADER = "$(TEST_HOST)";
				CODE_SIGN_STYLE = Automatic;
				CURRENT_PROJECT_VERSION = 1;
				DEVELOPMENT_TEAM = 4LJC3387F5;
				GENERATE_INFOPLIST_FILE = YES;
				IPHONEOS_DEPLOYMENT_TARGET = 17.4;
				MARKETING_VERSION = 1.0;
				PRODUCT_BUNDLE_IDENTIFIER = qwdef.MyFirstAppTests;
				PRODUCT_NAME = "$(TARGET_NAME)";
				SWIFT_EMIT_LOC_STRINGS = NO;
				SWIFT_VERSION = 5.0;
				TARGETED_DEVICE_FAMILY = "1,2";
				TEST_HOST = "$(BUILT_PRODUCTS_DIR)/MyFirstApp.app/$(BUNDLE_EXECUTABLE_FOLDER_PATH)/MyFirstApp";
			};
			name = Release;
		};
		E5A713832BD53A7E00275857 /* Debug */ = {
			isa = XCBuildConfiguration;
			buildSettings = {
				ALWAYS_EMBED_SWIFT_STANDARD_LIBRARIES = YES;
				CODE_SIGN_STYLE = Automatic;
				CURRENT_PROJECT_VERSION = 1;
				DEVELOPMENT_TEAM = 4LJC3387F5;
				GENERATE_INFOPLIST_FILE = YES;
				MARKETING_VERSION = 1.0;
				PRODUCT_BUNDLE_IDENTIFIER = qwdef.MyFirstAppUITests;
				PRODUCT_NAME = "$(TARGET_NAME)";
				SWIFT_EMIT_LOC_STRINGS = NO;
				SWIFT_VERSION = 5.0;
				TARGETED_DEVICE_FAMILY = "1,2";
				TEST_TARGET_NAME = MyFirstApp;
			};
			name = Debug;
		};
		E5A713842BD53A7E00275857 /* Release */ = {
			isa = XCBuildConfiguration;
			buildSettings = {
				ALWAYS_EMBED_SWIFT_STANDARD_LIBRARIES = YES;
				CODE_SIGN_STYLE = Automatic;
				CURRENT_PROJECT_VERSION = 1;
				DEVELOPMENT_TEAM = 4LJC3387F5;
				GENERATE_INFOPLIST_FILE = YES;
				MARKETING_VERSION = 1.0;
				PRODUCT_BUNDLE_IDENTIFIER = qwdef.MyFirstAppUITests;
				PRODUCT_NAME = "$(TARGET_NAME)";
				SWIFT_EMIT_LOC_STRINGS = NO;
				SWIFT_VERSION = 5.0;
				TARGETED_DEVICE_FAMILY = "1,2";
				TEST_TARGET_NAME = MyFirstApp;
			};
			name = Release;
		};
/* End XCBuildConfiguration section */

/* Begin XCConfigurationList section */
		E5A713532BD53A7C00275857 /* Build configuration list for PBXProject "MyFirstApp" */ = {
			isa = XCConfigurationList;
			buildConfigurations = (
				E5A7137A2BD53A7E00275857 /* Debug */,
				E5A7137B2BD53A7E00275857 /* Release */,
			);
			defaultConfigurationIsVisible = 0;
			defaultConfigurationName = Release;
		};
		E5A7137C2BD53A7E00275857 /* Build configuration list for PBXNativeTarget "MyFirstApp" */ = {
			isa = XCConfigurationList;
			buildConfigurations = (
				E5A7137D2BD53A7E00275857 /* Debug */,
				E5A7137E2BD53A7E00275857 /* Release */,
			);
			defaultConfigurationIsVisible = 0;
			defaultConfigurationName = Release;
		};
		E5A7137F2BD53A7E00275857 /* Build configuration list for PBXNativeTarget "MyFirstAppTests" */ = {
			isa = XCConfigurationList;
			buildConfigurations = (
				E5A713802BD53A7E00275857 /* Debug */,
				E5A713812BD53A7E00275857 /* Release */,
			);
			defaultConfigurationIsVisible = 0;
			defaultConfigurationName = Release;
		};
		E5A713822BD53A7E00275857 /* Build configuration list for PBXNativeTarget "MyFirstAppUITests" */ = {
			isa = XCConfigurationList;
			buildConfigurations = (
				E5A713832BD53A7E00275857 /* Debug */,
				E5A713842BD53A7E00275857 /* Release */,
			);
			defaultConfigurationIsVisible = 0;
			defaultConfigurationName = Release;
		};
/* End XCConfigurationList section */
	};
	rootObject = E5A713502BD53A7C00275857 /* Project object */;
}
